
Microsoft Visual Studio Solution File, Format Version 12.00
# Visual Studio Version 17
VisualStudioVersion = 17.6.33829.357
MinimumVisualStudioVersion = 10.0.40219.1
Project("{54A90642-561A-4BB1-A94E-469ADEE60C69}") = "LoopHabitsNG", "frontend\LoopHabitsNG\LoopHabitsNG.esproj", "{8B688661-0A1E-49A2-91FB-D44AE69DF767}"
EndProject
Project("{9A19103F-16F7-4668-BE54-9A1E7A4F7556}") = "LoopHabitsAPI", "backend\LoopHabitsAPI\LoopHabitsAPI.csproj", "{8D4DE2CD-6248-4D12-8E52-0FCB97D23D47}"
EndProject
Project("{9A19103F-16F7-4668-BE54-9A1E7A4F7556}") = "Contracts", "backend\Contracts\Contracts.csproj", "{FE35DB46-4763-418B-B5E1-19423DC5F1B1}"
EndProject
Project("{9A19103F-16F7-4668-BE54-9A1E7A4F7556}") = "LoggerService", "backend\LoggerService\LoggerService.csproj", "{60011A2E-D64E-4D82-B35D-5FA0BD29F2C7}"
EndProject
Project("{9A19103F-16F7-4668-BE54-9A1E7A4F7556}") = "Entities", "backend\Entities\Entities.csproj", "{46ED4EDB-8208-49FD-B408-4C744C02911F}"
EndProject
Project("{9A19103F-16F7-4668-BE54-9A1E7A4F7556}") = "Repository", "backend\Repository\Repository.csproj", "{0F79BDCD-CD8C-427D-B772-4FA5977C141E}"
EndProject
Project("{9A19103F-16F7-4668-BE54-9A1E7A4F7556}") = "Service.Contracts", "backend\Service.Contracts\Service.Contracts.csproj", "{67F61F7A-5B55-4EC3-AB17-155D0B8DD86A}"
EndProject
Project("{9A19103F-16F7-4668-BE54-9A1E7A4F7556}") = "Service", "backend\Service\Service.csproj", "{AA350855-9694-47A7-8EC3-9059068DCD32}"
EndProject
Project("{9A19103F-16F7-4668-BE54-9A1E7A4F7556}") = "LoopHabits.Presentation", "backend\LoopHabits.Presentation\LoopHabits.Presentation.csproj", "{6AA022A3-193C-427C-8A4C-7D02D1DB8184}"
EndProject
Project("{9A19103F-16F7-4668-BE54-9A1E7A4F7556}") = "Shared", "backend\Shared\Shared.csproj", "{C5751385-EDD6-4D8F-B68F-C91A2D19AF23}"
EndProject
Project("{2150E333-8FDC-42A3-9474-1A3956D46DE8}") = "backend", "backend", "{D1F78575-B7D8-44E3-BEF6-3A51ABB77918}"
	ProjectSection(SolutionItems) = preProject
		backend\README.md = backend\README.md
	EndProjectSection
EndProject
Project("{2150E333-8FDC-42A3-9474-1A3956D46DE8}") = "frontend", "frontend", "{46120CB1-9427-4747-81C2-E2799488A16B}"
EndProject
Project("{2150E333-8FDC-42A3-9474-1A3956D46DE8}") = "Solution Items", "Solution Items", "{D0B263A9-61EF-46A2-B40B-CB9F5FD46314}"
	ProjectSection(SolutionItems) = preProject
		README.md = README.md
	EndProjectSection
EndProject
Global
	GlobalSection(SolutionConfigurationPlatforms) = preSolution
		Debug|Any CPU = Debug|Any CPU
		Release|Any CPU = Release|Any CPU
	EndGlobalSection
	GlobalSection(ProjectConfigurationPlatforms) = postSolution
		{8B688661-0A1E-49A2-91FB-D44AE69DF767}.Debug|Any CPU.ActiveCfg = Debug|Any CPU
		{8B688661-0A1E-49A2-91FB-D44AE69DF767}.Debug|Any CPU.Build.0 = Debug|Any CPU
		{8B688661-0A1E-49A2-91FB-D44AE69DF767}.Debug|Any CPU.Deploy.0 = Debug|Any CPU
		{8B688661-0A1E-49A2-91FB-D44AE69DF767}.Release|Any CPU.ActiveCfg = Release|Any CPU
		{8B688661-0A1E-49A2-91FB-D44AE69DF767}.Release|Any CPU.Build.0 = Release|Any CPU
		{8B688661-0A1E-49A2-91FB-D44AE69DF767}.Release|Any CPU.Deploy.0 = Release|Any CPU
		{8D4DE2CD-6248-4D12-8E52-0FCB97D23D47}.Debug|Any CPU.ActiveCfg = Debug|Any CPU
		{8D4DE2CD-6248-4D12-8E52-0FCB97D23D47}.Debug|Any CPU.Build.0 = Debug|Any CPU
		{8D4DE2CD-6248-4D12-8E52-0FCB97D23D47}.Release|Any CPU.ActiveCfg = Release|Any CPU
		{8D4DE2CD-6248-4D12-8E52-0FCB97D23D47}.Release|Any CPU.Build.0 = Release|Any CPU
		{FE35DB46-4763-418B-B5E1-19423DC5F1B1}.Debug|Any CPU.ActiveCfg = Debug|Any CPU
		{FE35DB46-4763-418B-B5E1-19423DC5F1B1}.Debug|Any CPU.Build.0 = Debug|Any CPU
		{FE35DB46-4763-418B-B5E1-19423DC5F1B1}.Release|Any CPU.ActiveCfg = Release|Any CPU
		{FE35DB46-4763-418B-B5E1-19423DC5F1B1}.Release|Any CPU.Build.0 = Release|Any CPU
		{60011A2E-D64E-4D82-B35D-5FA0BD29F2C7}.Debug|Any CPU.ActiveCfg = Debug|Any CPU
		{60011A2E-D64E-4D82-B35D-5FA0BD29F2C7}.Debug|Any CPU.Build.0 = Debug|Any CPU
		{60011A2E-D64E-4D82-B35D-5FA0BD29F2C7}.Release|Any CPU.ActiveCfg = Release|Any CPU
		{60011A2E-D64E-4D82-B35D-5FA0BD29F2C7}.Release|Any CPU.Build.0 = Release|Any CPU
		{46ED4EDB-8208-49FD-B408-4C744C02911F}.Debug|Any CPU.ActiveCfg = Debug|Any CPU
		{46ED4EDB-8208-49FD-B408-4C744C02911F}.Debug|Any CPU.Build.0 = Debug|Any CPU
		{46ED4EDB-8208-49FD-B408-4C744C02911F}.Release|Any CPU.ActiveCfg = Release|Any CPU
		{46ED4EDB-8208-49FD-B408-4C744C02911F}.Release|Any CPU.Build.0 = Release|Any CPU
		{0F79BDCD-CD8C-427D-B772-4FA5977C141E}.Debug|Any CPU.ActiveCfg = Debug|Any CPU
		{0F79BDCD-CD8C-427D-B772-4FA5977C141E}.Debug|Any CPU.Build.0 = Debug|Any CPU
		{0F79BDCD-CD8C-427D-B772-4FA5977C141E}.Release|Any CPU.ActiveCfg = Release|Any CPU
		{0F79BDCD-CD8C-427D-B772-4FA5977C141E}.Release|Any CPU.Build.0 = Release|Any CPU
		{67F61F7A-5B55-4EC3-AB17-155D0B8DD86A}.Debug|Any CPU.ActiveCfg = Debug|Any CPU
		{67F61F7A-5B55-4EC3-AB17-155D0B8DD86A}.Debug|Any CPU.Build.0 = Debug|Any CPU
		{67F61F7A-5B55-4EC3-AB17-155D0B8DD86A}.Release|Any CPU.ActiveCfg = Release|Any CPU
		{67F61F7A-5B55-4EC3-AB17-155D0B8DD86A}.Release|Any CPU.Build.0 = Release|Any CPU
		{AA350855-9694-47A7-8EC3-9059068DCD32}.Debug|Any CPU.ActiveCfg = Debug|Any CPU
		{AA350855-9694-47A7-8EC3-9059068DCD32}.Debug|Any CPU.Build.0 = Debug|Any CPU
		{AA350855-9694-47A7-8EC3-9059068DCD32}.Release|Any CPU.ActiveCfg = Release|Any CPU
		{AA350855-9694-47A7-8EC3-9059068DCD32}.Release|Any CPU.Build.0 = Release|Any CPU
		{6AA022A3-193C-427C-8A4C-7D02D1DB8184}.Debug|Any CPU.ActiveCfg = Debug|Any CPU
		{6AA022A3-193C-427C-8A4C-7D02D1DB8184}.Debug|Any CPU.Build.0 = Debug|Any CPU
		{6AA022A3-193C-427C-8A4C-7D02D1DB8184}.Release|Any CPU.ActiveCfg = Release|Any CPU
		{6AA022A3-193C-427C-8A4C-7D02D1DB8184}.Release|Any CPU.Build.0 = Release|Any CPU
		{C5751385-EDD6-4D8F-B68F-C91A2D19AF23}.Debug|Any CPU.ActiveCfg = Debug|Any CPU
		{C5751385-EDD6-4D8F-B68F-C91A2D19AF23}.Debug|Any CPU.Build.0 = Debug|Any CPU
		{C5751385-EDD6-4D8F-B68F-C91A2D19AF23}.Release|Any CPU.ActiveCfg = Release|Any CPU
		{C5751385-EDD6-4D8F-B68F-C91A2D19AF23}.Release|Any CPU.Build.0 = Release|Any CPU
	EndGlobalSection
	GlobalSection(SolutionProperties) = preSolution
		HideSolutionNode = FALSE
	EndGlobalSection
	GlobalSection(NestedProjects) = preSolution
		{8B688661-0A1E-49A2-91FB-D44AE69DF767} = {46120CB1-9427-4747-81C2-E2799488A16B}
		{8D4DE2CD-6248-4D12-8E52-0FCB97D23D47} = {D1F78575-B7D8-44E3-BEF6-3A51ABB77918}
		{FE35DB46-4763-418B-B5E1-19423DC5F1B1} = {D1F78575-B7D8-44E3-BEF6-3A51ABB77918}
		{60011A2E-D64E-4D82-B35D-5FA0BD29F2C7} = {D1F78575-B7D8-44E3-BEF6-3A51ABB77918}
		{46ED4EDB-8208-49FD-B408-4C744C02911F} = {D1F78575-B7D8-44E3-BEF6-3A51ABB77918}
		{0F79BDCD-CD8C-427D-B772-4FA5977C141E} = {D1F78575-B7D8-44E3-BEF6-3A51ABB77918}
		{67F61F7A-5B55-4EC3-AB17-155D0B8DD86A} = {D1F78575-B7D8-44E3-BEF6-3A51ABB77918}
		{AA350855-9694-47A7-8EC3-9059068DCD32} = {D1F78575-B7D8-44E3-BEF6-3A51ABB77918}
		{6AA022A3-193C-427C-8A4C-7D02D1DB8184} = {D1F78575-B7D8-44E3-BEF6-3A51ABB77918}
		{C5751385-EDD6-4D8F-B68F-C91A2D19AF23} = {D1F78575-B7D8-44E3-BEF6-3A51ABB77918}
	EndGlobalSection
	GlobalSection(ExtensibilityGlobals) = postSolution
		SolutionGuid = {E6645515-B7F1-4196-82CD-F34841E3CCDE}
	EndGlobalSection
EndGlobal
