
Microsoft Visual Studio Solution File, Format Version 12.00
# Visual Studio Version 17
VisualStudioVersion = 17.6.33829.357
MinimumVisualStudioVersion = 10.0.40219.1
Project("{54A90642-561A-4BB1-A94E-469ADEE60C69}") = "LoopHabitsNG", "LoopHabitsNG\LoopHabitsNG.esproj", "{8B688661-0A1E-49A2-91FB-D44AE69DF767}"
EndProject
Project("{9A19103F-16F7-4668-BE54-9A1E7A4F7556}") = "LoopHabitsAPI", "LoopHabitsAPI\LoopHabitsAPI.csproj", "{8D4DE2CD-6248-4D12-8E52-0FCB97D23D47}"
EndProject
Project("{9A19103F-16F7-4668-BE54-9A1E7A4F7556}") = "Contracts", "Contracts\Contracts.csproj", "{FE35DB46-4763-418B-B5E1-19423DC5F1B1}"
EndProject
Project("{9A19103F-16F7-4668-BE54-9A1E7A4F7556}") = "LoggerService", "LoggerService\LoggerService.csproj", "{60011A2E-D64E-4D82-B35D-5FA0BD29F2C7}"
EndProject
Project("{9A19103F-16F7-4668-BE54-9A1E7A4F7556}") = "Entities", "Entities\Entities.csproj", "{46ED4EDB-8208-49FD-B408-4C744C02911F}"
EndProject
Project("{9A19103F-16F7-4668-BE54-9A1E7A4F7556}") = "Repository", "Repository\Repository.csproj", "{0F79BDCD-CD8C-427D-B772-4FA5977C141E}"
EndProject
Project("{9A19103F-16F7-4668-BE54-9A1E7A4F7556}") = "Service.Contracts", "Service.Contracts\Service.Contracts.csproj", "{67F61F7A-5B55-4EC3-AB17-155D0B8DD86A}"
EndProject
Project("{9A19103F-16F7-4668-BE54-9A1E7A4F7556}") = "Service", "Service\Service.csproj", "{AA350855-9694-47A7-8EC3-9059068DCD32}"
EndProject
Project("{9A19103F-16F7-4668-BE54-9A1E7A4F7556}") = "LoopHabits.Presentation", "LoopHabits.Presentation\LoopHabits.Presentation.csproj", "{6AA022A3-193C-427C-8A4C-7D02D1DB8184}"
EndProject
Project("{FAE04EC0-301F-11D3-BF4B-00C04F79EFBC}") = "Shared", "Shared\Shared.csproj", "{C5751385-EDD6-4D8F-B68F-C91A2D19AF23}"
EndProject
Global
	GlobalSection(SolutionConfigurationPlatforms) = preSolution
		Debug|Any CPU = Debug|Any CPU
		Release|Any CPU = Release|Any CPU
	EndGlobalSection
	GlobalSection(ProjectConfigurationPlatforms) = postSolution
		{8B688661-0A1E-49A2-91FB-D44AE69DF767}.Debug|Any CPU.ActiveCfg = Debug|Any CPU
		{8B688661-0A1E-49A2-91FB-D44AE69DF767}.Debug|Any CPU.Build.0 = Debug|Any CPU
		{8B688661-0A1E-49A2-91FB-D44AE69DF767}.Debug|Any CPU.Deploy.0 = Debug|Any CPU
		{8B688661-0A1E-49A2-91FB-D44AE69DF767}.Release|Any CPU.ActiveCfg = Release|Any CPU
		{8B688661-0A1E-49A2-91FB-D44AE69DF767}.Release|Any CPU.Build.0 = Release|Any CPU
		{8B688661-0A1E-49A2-91FB-D44AE69DF767}.Release|Any CPU.Deploy.0 = Release|Any CPU
		{8D4DE2CD-6248-4D12-8E52-0FCB97D23D47}.Debug|Any CPU.ActiveCfg = Debug|Any CPU
		{8D4DE2CD-6248-4D12-8E52-0FCB97D23D47}.Debug|Any CPU.Build.0 = Debug|Any CPU
		{8D4DE2CD-6248-4D12-8E52-0FCB97D23D47}.Release|Any CPU.ActiveCfg = Release|Any CPU
		{8D4DE2CD-6248-4D12-8E52-0FCB97D23D47}.Release|Any CPU.Build.0 = Release|Any CPU
		{FE35DB46-4763-418B-B5E1-19423DC5F1B1}.Debug|Any CPU.ActiveCfg = Debug|Any CPU
		{FE35DB46-4763-418B-B5E1-19423DC5F1B1}.Debug|Any CPU.Build.0 = Debug|Any CPU
		{FE35DB46-4763-418B-B5E1-19423DC5F1B1}.Release|Any CPU.ActiveCfg = Release|Any CPU
		{FE35DB46-4763-418B-B5E1-19423DC5F1B1}.Release|Any CPU.Build.0 = Release|Any CPU
		{60011A2E-D64E-4D82-B35D-5FA0BD29F2C7}.Debug|Any CPU.ActiveCfg = Debug|Any CPU
		{60011A2E-D64E-4D82-B35D-5FA0BD29F2C7}.Debug|Any CPU.Build.0 = Debug|Any CPU
		{60011A2E-D64E-4D82-B35D-5FA0BD29F2C7}.Release|Any CPU.ActiveCfg = Release|Any CPU
		{60011A2E-D64E-4D82-B35D-5FA0BD29F2C7}.Release|Any CPU.Build.0 = Release|Any CPU
		{46ED4EDB-8208-49FD-B408-4C744C02911F}.Debug|Any CPU.ActiveCfg = Debug|Any CPU
		{46ED4EDB-8208-49FD-B408-4C744C02911F}.Debug|Any CPU.Build.0 = Debug|Any CPU
		{46ED4EDB-8208-49FD-B408-4C744C02911F}.Release|Any CPU.ActiveCfg = Release|Any CPU
		{46ED4EDB-8208-49FD-B408-4C744C02911F}.Release|Any CPU.Build.0 = Release|Any CPU
		{0F79BDCD-CD8C-427D-B772-4FA5977C141E}.Debug|Any CPU.ActiveCfg = Debug|Any CPU
		{0F79BDCD-CD8C-427D-B772-4FA5977C141E}.Debug|Any CPU.Build.0 = Debug|Any CPU
		{0F79BDCD-CD8C-427D-B772-4FA5977C141E}.Release|Any CPU.ActiveCfg = Release|Any CPU
		{0F79BDCD-CD8C-427D-B772-4FA5977C141E}.Release|Any CPU.Build.0 = Release|Any CPU
		{67F61F7A-5B55-4EC3-AB17-155D0B8DD86A}.Debug|Any CPU.ActiveCfg = Debug|Any CPU
		{67F61F7A-5B55-4EC3-AB17-155D0B8DD86A}.Debug|Any CPU.Build.0 = Debug|Any CPU
		{67F61F7A-5B55-4EC3-AB17-155D0B8DD86A}.Release|Any CPU.ActiveCfg = Release|Any CPU
		{67F61F7A-5B55-4EC3-AB17-155D0B8DD86A}.Release|Any CPU.Build.0 = Release|Any CPU
		{AA350855-9694-47A7-8EC3-9059068DCD32}.Debug|Any CPU.ActiveCfg = Debug|Any CPU
		{AA350855-9694-47A7-8EC3-9059068DCD32}.Debug|Any CPU.Build.0 = Debug|Any CPU
		{AA350855-9694-47A7-8EC3-9059068DCD32}.Release|Any CPU.ActiveCfg = Release|Any CPU
		{AA350855-9694-47A7-8EC3-9059068DCD32}.Release|Any CPU.Build.0 = Release|Any CPU
		{6AA022A3-193C-427C-8A4C-7D02D1DB8184}.Debug|Any CPU.ActiveCfg = Debug|Any CPU
		{6AA022A3-193C-427C-8A4C-7D02D1DB8184}.Debug|Any CPU.Build.0 = Debug|Any CPU
		{6AA022A3-193C-427C-8A4C-7D02D1DB8184}.Release|Any CPU.ActiveCfg = Release|Any CPU
		{6AA022A3-193C-427C-8A4C-7D02D1DB8184}.Release|Any CPU.Build.0 = Release|Any CPU
		{C5751385-EDD6-4D8F-B68F-C91A2D19AF23}.Debug|Any CPU.ActiveCfg = Debug|Any CPU
		{C5751385-EDD6-4D8F-B68F-C91A2D19AF23}.Debug|Any CPU.Build.0 = Debug|Any CPU
		{C5751385-EDD6-4D8F-B68F-C91A2D19AF23}.Release|Any CPU.ActiveCfg = Release|Any CPU
		{C5751385-EDD6-4D8F-B68F-C91A2D19AF23}.Release|Any CPU.Build.0 = Release|Any CPU
	EndGlobalSection
	GlobalSection(SolutionProperties) = preSolution
		HideSolutionNode = FALSE
	EndGlobalSection
	GlobalSection(ExtensibilityGlobals) = postSolution
		SolutionGuid = {E6645515-B7F1-4196-82CD-F34841E3CCDE}
	EndGlobalSection
EndGlobal
